{
  "name": "sheng_chao",
  "version": "1.0.0",
  "lockfileVersion": 1,
  "requires": true,
  "dependencies": {
    "blueimp-md5": {
      "version": "2.14.0",
      "resolved": "https://registry.npmjs.org/blueimp-md5/-/blueimp-md5-2.14.0.tgz",
      "integrity": "sha512-fhX8JsIgugJ39g9MUJ4Y0S+WYd/1HATNVzW4nEVknP5uJU1mA7LZCV3OuVH9OvxpuYQXu6ttst0IYIlAyVfBQg=="
    }
  }
}
